// !$*UTF8*$!
{
	archiveVersion = 1;
	classes = {
	};
	objectVersion = 46;
	objects = {

/* Begin PBXBuildFile section */
		0720284C1D33722A007B54B7 /* main.m in Sources */ = {isa = PBXBuildFile; fileRef = 0720284B1D33722A007B54B7 /* main.m */; };
		0720284F1D33722A007B54B7 /* AppDelegate.m in Sources */ = {isa = PBXBuildFile; fileRef = 0720284E1D33722A007B54B7 /* AppDelegate.m */; };
		072028521D33722A007B54B7 /* ViewController.m in Sources */ = {isa = PBXBuildFile; fileRef = 072028511D33722A007B54B7 /* ViewController.m */; };
		072028551D33722A007B54B7 /* Main.storyboard in Resources */ = {isa = PBXBuildFile; fileRef = 072028531D33722A007B54B7 /* Main.storyboard */; };
		072028571D33722A007B54B7 /* Assets.xcassets in Resources */ = {isa = PBXBuildFile; fileRef = 072028561D33722A007B54B7 /* Assets.xcassets */; };
		0720285A1D33722A007B54B7 /* LaunchScreen.storyboard in Resources */ = {isa = PBXBuildFile; fileRef = 072028581D33722A007B54B7 /* LaunchScreen.storyboard */; };
		072028651D33722A007B54B7 /* SLAlertViewDemoTests.m in Sources */ = {isa = PBXBuildFile; fileRef = 072028641D33722A007B54B7 /* SLAlertViewDemoTests.m */; };
		072028701D33722A007B54B7 /* SLAlertViewDemoUITests.m in Sources */ = {isa = PBXBuildFile; fileRef = 0720286F1D33722A007B54B7 /* SLAlertViewDemoUITests.m */; };
/* End PBXBuildFile section */

/* Begin PBXContainerItemProxy section */
		072028611D33722A007B54B7 /* PBXContainerItemProxy */ = {
			isa = PBXContainerItemProxy;
			containerPortal = 0720283F1D33722A007B54B7 /* Project object */;
			proxyType = 1;
			remoteGlobalIDString = 072028461D33722A007B54B7;
			remoteInfo = SLAlertViewDemo;
		};
		0720286C1D33722A007B54B7 /* PBXContainerItemProxy */ = {
			isa = PBXContainerItemProxy;
			containerPortal = 0720283F1D33722A007B54B7 /* Project object */;
			proxyType = 1;
			remoteGlobalIDString = 072028461D33722A007B54B7;
			remoteInfo = SLAlertViewDemo;
		};
/* End PBXContainerItemProxy section */

/* Begin PBXFileReference section */
		072028471D33722A007B54B7 /* SLAlertViewDemo.app */ = {isa = PBXFileReference; explicitFileType = wrapper.application; includeInIndex = 0; path = SLAlertViewDemo.app; sourceTree = BUILT_PRODUCTS_DIR; };
		0720284B1D33722A007B54B7 /* main.m */ = {isa = PBXFileReference; lastKnownFileType = sourcecode.c.objc; path = main.m; sourceTree = "<group>"; };
		0720284D1D33722A007B54B7 /* AppDelegate.h */ = {isa = PBXFileReference; lastKnownFileType = sourcecode.c.h; path = AppDelegate.h; sourceTree = "<group>"; };
		0720284E1D33722A007B54B7 /* AppDelegate.m */ = {isa = PBXFileReference; lastKnownFileType = sourcecode.c.objc; path = AppDelegate.m; sourceTree = "<group>"; };
		072028501D33722A007B54B7 /* ViewController.h */ = {isa = PBXFileReference; lastKnownFileType = sourcecode.c.h; path = ViewController.h; sourceTree = "<group>"; };
		072028511D33722A007B54B7 /* ViewController.m */ = {isa = PBXFileReference; lastKnownFileType = sourcecode.c.objc; path = ViewController.m; sourceTree = "<group>"; };
		072028541D33722A007B54B7 /* Base */ = {isa = PBXFileReference; lastKnownFileType = file.storyboard; name = Base; path = Base.lproj/Main.storyboard; sourceTree = "<group>"; };
		072028561D33722A007B54B7 /* Assets.xcassets */ = {isa = PBXFileReference; lastKnownFileType = folder.assetcatalog; path = Assets.xcassets; sourceTree = "<group>"; };
		072028591D33722A007B54B7 /* Base */ = {isa = PBXFileReference; lastKnownFileType = file.storyboard; name = Base; path = Base.lproj/LaunchScreen.storyboard; sourceTree = "<group>"; };
		0720285B1D33722A007B54B7 /* Info.plist */ = {isa = PBXFileReference; lastKnownFileType = text.plist.xml; path = Info.plist; sourceTree = "<group>"; };
		072028601D33722A007B54B7 /* SLAlertViewDemoTests.xctest */ = {isa = PBXFileReference; explicitFileType = wrapper.cfbundle; includeInIndex = 0; path = SLAlertViewDemoTests.xctest; sourceTree = BUILT_PRODUCTS_DIR; };
		072028641D33722A007B54B7 /* SLAlertViewDemoTests.m */ = {isa = PBXFileReference; lastKnownFileType = sourcecode.c.objc; path = SLAlertViewDemoTests.m; sourceTree = "<group>"; };
		072028661D33722A007B54B7 /* Info.plist */ = {isa = PBXFileReference; lastKnownFileType = text.plist.xml; path = Info.plist; sourceTree = "<group>"; };
		0720286B1D33722A007B54B7 /* SLAlertViewDemoUITests.xctest */ = {isa = PBXFileReference; explicitFileType = wrapper.cfbundle; includeInIndex = 0; path = SLAlertViewDemoUITests.xctest; sourceTree = BUILT_PRODUCTS_DIR; };
		0720286F1D33722A007B54B7 /* SLAlertViewDemoUITests.m */ = {isa = PBXFileReference; lastKnownFileType = sourcecode.c.objc; path = SLAlertViewDemoUITests.m; sourceTree = "<group>"; };
		072028711D33722A007B54B7 /* Info.plist */ = {isa = PBXFileReference; lastKnownFileType = text.plist.xml; path = Info.plist; sourceTree = "<group>"; };
/* End PBXFileReference section */

/* Begin PBXFrameworksBuildPhase section */
		072028441D33722A007B54B7 /* Frameworks */ = {
			isa = PBXFrameworksBuildPhase;
			buildActionMask = 2147483647;
			files = (
			);
			runOnlyForDeploymentPostprocessing = 0;
		};
		0720285D1D33722A007B54B7 /* Frameworks */ = {
			isa = PBXFrameworksBuildPhase;
			buildActionMask = 2147483647;
			files = (
			);
			runOnlyForDeploymentPostprocessing = 0;
		};
		072028681D33722A007B54B7 /* Frameworks */ = {
			isa = PBXFrameworksBuildPhase;
			buildActionMask = 2147483647;
			files = (
			);
			runOnlyForDeploymentPostprocessing = 0;
		};
/* End PBXFrameworksBuildPhase section */

/* Begin PBXGroup section */
		0720283E1D33722A007B54B7 = {
			isa = PBXGroup;
			children = (
				072028491D33722A007B54B7 /* SLAlertViewDemo */,
				072028631D33722A007B54B7 /* SLAlertViewDemoTests */,
				0720286E1D33722A007B54B7 /* SLAlertViewDemoUITests */,
				072028481D33722A007B54B7 /* Products */,
			);
			sourceTree = "<group>";
		};
		072028481D33722A007B54B7 /* Products */ = {
			isa = PBXGroup;
			children = (
				072028471D33722A007B54B7 /* SLAlertViewDemo.app */,
				072028601D33722A007B54B7 /* SLAlertViewDemoTests.xctest */,
				0720286B1D33722A007B54B7 /* SLAlertViewDemoUITests.xctest */,
			);
			name = Products;
			sourceTree = "<group>";
		};
		072028491D33722A007B54B7 /* SLAlertViewDemo */ = {
			isa = PBXGroup;
			children = (
				0720284D1D33722A007B54B7 /* AppDelegate.h */,
				0720284E1D33722A007B54B7 /* AppDelegate.m */,
				072028501D33722A007B54B7 /* ViewController.h */,
				072028511D33722A007B54B7 /* ViewController.m */,
				072028531D33722A007B54B7 /* Main.storyboard */,
				072028561D33722A007B54B7 /* Assets.xcassets */,
				072028581D33722A007B54B7 /* LaunchScreen.storyboard */,
				0720285B1D33722A007B54B7 /* Info.plist */,
				0720284A1D33722A007B54B7 /* Supporting Files */,
			);
			path = SLAlertViewDemo;
			sourceTree = "<group>";
		};
		0720284A1D33722A007B54B7 /* Supporting Files */ = {
			isa = PBXGroup;
			children = (
				0720284B1D33722A007B54B7 /* main.m */,
			);
			name = "Supporting Files";
			sourceTree = "<group>";
		};
		072028631D33722A007B54B7 /* SLAlertViewDemoTests */ = {
			isa = PBXGroup;
			children = (
				072028641D33722A007B54B7 /* SLAlertViewDemoTests.m */,
				072028661D33722A007B54B7 /* Info.plist */,
			);
			path = SLAlertViewDemoTests;
			sourceTree = "<group>";
		};
		0720286E1D33722A007B54B7 /* SLAlertViewDemoUITests */ = {
			isa = PBXGroup;
			children = (
				0720286F1D33722A007B54B7 /* SLAlertViewDemoUITests.m */,
				072028711D33722A007B54B7 /* Info.plist */,
			);
			path = SLAlertViewDemoUITests;
			sourceTree = "<group>";
		};
/* End PBXGroup section */

/* Begin PBXNativeTarget section */
		072028461D33722A007B54B7 /* SLAlertViewDemo */ = {
			isa = PBXNativeTarget;
			buildConfigurationList = 072028741D33722A007B54B7 /* Build configuration list for PBXNativeTarget "SLAlertViewDemo" */;
			buildPhases = (
				072028431D33722A007B54B7 /* Sources */,
				072028441D33722A007B54B7 /* Frameworks */,
				072028451D33722A007B54B7 /* Resources */,
			);
			buildRules = (
			);
			dependencies = (
			);
			name = SLAlertViewDemo;
			productName = SLAlertViewDemo;
			productReference = 072028471D33722A007B54B7 /* SLAlertViewDemo.app */;
			productType = "com.apple.product-type.application";
		};
		0720285F1D33722A007B54B7 /* SLAlertViewDemoTests */ = {
			isa = PBXNativeTarget;
			buildConfigurationList = 072028771D33722A007B54B7 /* Build configuration list for PBXNativeTarget "SLAlertViewDemoTests" */;
			buildPhases = (
				0720285C1D33722A007B54B7 /* Sources */,
				0720285D1D33722A007B54B7 /* Frameworks */,
				0720285E1D33722A007B54B7 /* Resources */,
			);
			buildRules = (
			);
			dependencies = (
				072028621D33722A007B54B7 /* PBXTargetDependency */,
			);
			name = SLAlertViewDemoTests;
			productName = SLAlertViewDemoTests;
			productReference = 072028601D33722A007B54B7 /* SLAlertViewDemoTests.xctest */;
			productType = "com.apple.product-type.bundle.unit-test";
		};
		0720286A1D33722A007B54B7 /* SLAlertViewDemoUITests */ = {
			isa = PBXNativeTarget;
			buildConfigurationList = 0720287A1D33722A007B54B7 /* Build configuration list for PBXNativeTarget "SLAlertViewDemoUITests" */;
			buildPhases = (
				072028671D33722A007B54B7 /* Sources */,
				072028681D33722A007B54B7 /* Frameworks */,
				072028691D33722A007B54B7 /* Resources */,
			);
			buildRules = (
			);
			dependencies = (
				0720286D1D33722A007B54B7 /* PBXTargetDependency */,
			);
			name = SLAlertViewDemoUITests;
			productName = SLAlertViewDemoUITests;
			productReference = 0720286B1D33722A007B54B7 /* SLAlertViewDemoUITests.xctest */;
			productType = "com.apple.product-type.bundle.ui-testing";
		};
/* End PBXNativeTarget section */

/* Begin PBXProject section */
		0720283F1D33722A007B54B7 /* Project object */ = {
			isa = PBXProject;
			attributes = {
				LastUpgradeCheck = 0720;
				ORGANIZATIONNAME = fengsonglin;
				TargetAttributes = {
					072028461D33722A007B54B7 = {
						CreatedOnToolsVersion = 7.2;
					};
					0720285F1D33722A007B54B7 = {
						CreatedOnToolsVersion = 7.2;
						TestTargetID = 072028461D33722A007B54B7;
					};
					0720286A1D33722A007B54B7 = {
						CreatedOnToolsVersion = 7.2;
						TestTargetID = 072028461D33722A007B54B7;
					};
				};
			};
			buildConfigurationList = 072028421D33722A007B54B7 /* Build configuration list for PBXProject "SLAlertViewDemo" */;
			compatibilityVersion = "Xcode 3.2";
			developmentRegion = English;
			hasScannedForEncodings = 0;
			knownRegions = (
				en,
				Base,
			);
			mainGroup = 0720283E1D33722A007B54B7;
			productRefGroup = 072028481D33722A007B54B7 /* Products */;
			projectDirPath = "";
			projectRoot = "";
			targets = (
				072028461D33722A007B54B7 /* SLAlertViewDemo */,
				0720285F1D33722A007B54B7 /* SLAlertViewDemoTests */,
				0720286A1D33722A007B54B7 /* SLAlertViewDemoUITests */,
			);
		};
/* End PBXProject section */

/* Begin PBXResourcesBuildPhase section */
		072028451D33722A007B54B7 /* Resources */ = {
			isa = PBXResourcesBuildPhase;
			buildActionMask = 2147483647;
			files = (
				0720285A1D33722A007B54B7 /* LaunchScreen.storyboard in Resources */,
				072028571D33722A007B54B7 /* Assets.xcassets in Resources */,
				072028551D33722A007B54B7 /* Main.storyboard in Resources */,
			);
			runOnlyForDeploymentPostprocessing = 0;
		};
		0720285E1D33722A007B54B7 /* Resources */ = {
			isa = PBXResourcesBuildPhase;
			buildActionMask = 2147483647;
			files = (
			);
			runOnlyForDeploymentPostprocessing = 0;
		};
		072028691D33722A007B54B7 /* Resources */ = {
			isa = PBXResourcesBuildPhase;
			buildActionMask = 2147483647;
			files = (
			);
			runOnlyForDeploymentPostprocessing = 0;
		};
/* End PBXResourcesBuildPhase section */

/* Begin PBXSourcesBuildPhase section */
		072028431D33722A007B54B7 /* Sources */ = {
			isa = PBXSourcesBuildPhase;
			buildActionMask = 2147483647;
			files = (
				072028521D33722A007B54B7 /* ViewController.m in Sources */,
				0720284F1D33722A007B54B7 /* AppDelegate.m in Sources */,
				0720284C1D33722A007B54B7 /* main.m in Sources */,
			);
			runOnlyForDeploymentPostprocessing = 0;
		};
		0720285C1D33722A007B54B7 /* Sources */ = {
			isa = PBXSourcesBuildPhase;
			buildActionMask = 2147483647;
			files = (
				072028651D33722A007B54B7 /* SLAlertViewDemoTests.m in Sources */,
			);
			runOnlyForDeploymentPostprocessing = 0;
		};
		072028671D33722A007B54B7 /* Sources */ = {
			isa = PBXSourcesBuildPhase;
			buildActionMask = 2147483647;
			files = (
				072028701D33722A007B54B7 /* SLAlertViewDemoUITests.m in Sources */,
			);
			runOnlyForDeploymentPostprocessing = 0;
		};
/* End PBXSourcesBuildPhase section */

/* Begin PBXTargetDependency section */
		072028621D33722A007B54B7 /* PBXTargetDependency */ = {
			isa = PBXTargetDependency;
			target = 072028461D33722A007B54B7 /* SLAlertViewDemo */;
			targetProxy = 072028611D33722A007B54B7 /* PBXContainerItemProxy */;
		};
		0720286D1D33722A007B54B7 /* PBXTargetDependency */ = {
			isa = PBXTargetDependency;
			target = 072028461D33722A007B54B7 /* SLAlertViewDemo */;
			targetProxy = 0720286C1D33722A007B54B7 /* PBXContainerItemProxy */;
		};
/* End PBXTargetDependency section */

/* Begin PBXVariantGroup section */
		072028531D33722A007B54B7 /* Main.storyboard */ = {
			isa = PBXVariantGroup;
			children = (
				072028541D33722A007B54B7 /* Base */,
			);
			name = Main.storyboard;
			sourceTree = "<group>";
		};
		072028581D33722A007B54B7 /* LaunchScreen.storyboard */ = {
			isa = PBXVariantGroup;
			children = (
				072028591D33722A007B54B7 /* Base */,
			);
			name = LaunchScreen.storyboard;
			sourceTree = "<group>";
		};
/* End PBXVariantGroup section */

/* Begin XCBuildConfiguration section */
		072028721D33722A007B54B7 /* Debug */ = {
			isa = XCBuildConfiguration;
			buildSettings = {
				ALWAYS_SEARCH_USER_PATHS = NO;
				CLANG_CXX_LANGUAGE_STANDARD = "gnu++0x";
				CLANG_CXX_LIBRARY = "libc++";
				CLANG_ENABLE_MODULES = YES;
				CLANG_ENABLE_OBJC_ARC = YES;
				CLANG_WARN_BOOL_CONVERSION = YES;
				CLANG_WARN_CONSTANT_CONVERSION = YES;
				CLANG_WARN_DIRECT_OBJC_ISA_USAGE = YES_ERROR;
				CLANG_WARN_EMPTY_BODY = YES;
				CLANG_WARN_ENUM_CONVERSION = YES;
				CLANG_WARN_INT_CONVERSION = YES;
				CLANG_WARN_OBJC_ROOT_CLASS = YES_ERROR;
				CLANG_WARN_UNREACHABLE_CODE = YES;
				CLANG_WARN__DUPLICATE_METHOD_MATCH = YES;
				"CODE_SIGN_IDENTITY[sdk=iphoneos*]" = "iPhone Developer";
				COPY_PHASE_STRIP = NO;
				DEBUG_INFORMATION_FORMAT = dwarf;
				ENABLE_STRICT_OBJC_MSGSEND = YES;
				ENABLE_TESTABILITY = YES;
				GCC_C_LANGUAGE_STANDARD = gnu99;
				GCC_DYNAMIC_NO_PIC = NO;
				GCC_NO_COMMON_BLOCKS = YES;
				GCC_OPTIMIZATION_LEVEL = 0;
				GCC_PREPROCESSOR_DEFINITIONS = (
					"DEBUG=1",
					"$(inherited)",
				);
				GCC_WARN_64_TO_32_BIT_CONVERSION = YES;
				GCC_WARN_ABOUT_RETURN_TYPE = YES_ERROR;
				GCC_WARN_UNDECLARED_SELECTOR = YES;
				GCC_WARN_UNINITIALIZED_AUTOS = YES_AGGRESSIVE;
				GCC_WARN_UNUSED_FUNCTION = YES;
				GCC_WARN_UNUSED_VARIABLE = YES;
				IPHONEOS_DEPLOYMENT_TARGET = 9.2;
				MTL_ENABLE_DEBUG_INFO = YES;
				ONLY_ACTIVE_ARCH = YES;
				SDKROOT = iphoneos;
			};
			name = Debug;
		};
		072028731D33722A007B54B7 /* Release */ = {
			isa = XCBuildConfiguration;
			buildSettings = {
				ALWAYS_SEARCH_USER_PATHS = NO;
				CLANG_CXX_LANGUAGE_STANDARD = "gnu++0x";
				CLANG_CXX_LIBRARY = "libc++";
				CLANG_ENABLE_MODULES = YES;
				CLANG_ENABLE_OBJC_ARC = YES;
				CLANG_WARN_BOOL_CONVERSION = YES;
				CLANG_WARN_CONSTANT_CONVERSION = YES;
				CLANG_WARN_DIRECT_OBJC_ISA_USAGE = YES_ERROR;
				CLANG_WARN_EMPTY_BODY = YES;
				CLANG_WARN_ENUM_CONVERSION = YES;
				CLANG_WARN_INT_CONVERSION = YES;
				CLANG_WARN_OBJC_ROOT_CLASS = YES_ERROR;
				CLANG_WARN_UNREACHABLE_CODE = YES;
				CLANG_WARN__DUPLICATE_METHOD_MATCH = YES;
				"CODE_SIGN_IDENTITY[sdk=iphoneos*]" = "iPhone Developer";
				COPY_PHASE_STRIP = NO;
				DEBUG_INFORMATION_FORMAT = "dwarf-with-dsym";
				ENABLE_NS_ASSERTIONS = NO;
				ENABLE_STRICT_OBJC_MSGSEND = YES;
				GCC_C_LANGUAGE_STANDARD = gnu99;
				GCC_NO_COMMON_BLOCKS = YES;
				GCC_WARN_64_TO_32_BIT_CONVERSION = YES;
				GCC_WARN_ABOUT_RETURN_TYPE = YES_ERROR;
				GCC_WARN_UNDECLARED_SELECTOR = YES;
				GCC_WARN_UNINITIALIZED_AUTOS = YES_AGGRESSIVE;
				GCC_WARN_UNUSED_FUNCTION = YES;
				GCC_WARN_UNUSED_VARIABLE = YES;
				IPHONEOS_DEPLOYMENT_TARGET = 9.2;
				MTL_ENABLE_DEBUG_INFO = NO;
				SDKROOT = iphoneos;
				VALIDATE_PRODUCT = YES;
			};
			name = Release;
		};
		072028751D33722A007B54B7 /* Debug */ = {
			isa = XCBuildConfiguration;
			buildSettings = {
				ASSETCATALOG_COMPILER_APPICON_NAME = AppIcon;
				INFOPLIST_FILE = SLAlertViewDemo/Info.plist;
				LD_RUNPATH_SEARCH_PATHS = "$(inherited) @executable_path/Frameworks";
				PRODUCT_BUNDLE_IDENTIFIER = com.forest.SLAlertViewDemo;
				PRODUCT_NAME = "$(TARGET_NAME)";
			};
			name = Debug;
		};
		072028761D33722A007B54B7 /* Release */ = {
			isa = XCBuildConfiguration;
			buildSettings = {
				ASSETCATALOG_COMPILER_APPICON_NAME = AppIcon;
				INFOPLIST_FILE = SLAlertViewDemo/Info.plist;
				LD_RUNPATH_SEARCH_PATHS = "$(inherited) @executable_path/Frameworks";
				PRODUCT_BUNDLE_IDENTIFIER = com.forest.SLAlertViewDemo;
				PRODUCT_NAME = "$(TARGET_NAME)";
			};
			name = Release;
		};
		072028781D33722A007B54B7 /* Debug */ = {
			isa = XCBuildConfiguration;
			buildSettings = {
				BUNDLE_LOADER = "$(TEST_HOST)";
				INFOPLIST_FILE = SLAlertViewDemoTests/Info.plist;
				LD_RUNPATH_SEARCH_PATHS = "$(inherited) @executable_path/Frameworks @loader_path/Frameworks";
				PRODUCT_BUNDLE_IDENTIFIER = com.forest.SLAlertViewDemoTests;
				PRODUCT_NAME = "$(TARGET_NAME)";
				TEST_HOST = "$(BUILT_PRODUCTS_DIR)/SLAlertViewDemo.app/SLAlertViewDemo";
			};
			name = Debug;
		};
		072028791D33722A007B54B7 /* Release */ = {
			isa = XCBuildConfiguration;
			buildSettings = {
				BUNDLE_LOADER = "$(TEST_HOST)";
				INFOPLIST_FILE = SLAlertViewDemoTests/Info.plist;
				LD_RUNPATH_SEARCH_PATHS = "$(inherited) @executable_path/Frameworks @loader_path/Frameworks";
				PRODUCT_BUNDLE_IDENTIFIER = com.forest.SLAlertViewDemoTests;
				PRODUCT_NAME = "$(TARGET_NAME)";
				TEST_HOST = "$(BUILT_PRODUCTS_DIR)/SLAlertViewDemo.app/SLAlertViewDemo";
			};
			name = Release;
		};
		0720287B1D33722A007B54B7 /* Debug */ = {
			isa = XCBuildConfiguration;
			buildSettings = {
				INFOPLIST_FILE = SLAlertViewDemoUITests/Info.plist;
				LD_RUNPATH_SEARCH_PATHS = "$(inherited) @executable_path/Frameworks @loader_path/Frameworks";
				PRODUCT_BUNDLE_IDENTIFIER = com.forest.SLAlertViewDemoUITests;
				PRODUCT_NAME = "$(TARGET_NAME)";
				TEST_TARGET_NAME = SLAlertViewDemo;
				USES_XCTRUNNER = YES;
			};
			name = Debug;
		};
		0720287C1D33722A007B54B7 /* Release */ = {
			isa = XCBuildConfiguration;
			buildSettings = {
				INFOPLIST_FILE = SLAlertViewDemoUITests/Info.plist;
				LD_RUNPATH_SEARCH_PATHS = "$(inherited) @executable_path/Frameworks @loader_path/Frameworks";
				PRODUCT_BUNDLE_IDENTIFIER = com.forest.SLAlertViewDemoUITests;
				PRODUCT_NAME = "$(TARGET_NAME)";
				TEST_TARGET_NAME = SLAlertViewDemo;
				USES_XCTRUNNER = YES;
			};
			name = Release;
		};
/* End XCBuildConfiguration section */

/* Begin XCConfigurationList section */
		072028421D33722A007B54B7 /* Build configuration list for PBXProject "SLAlertViewDemo" */ = {
			isa = XCConfigurationList;
			buildConfigurations = (
				072028721D33722A007B54B7 /* Debug */,
				072028731D33722A007B54B7 /* Release */,
			);
			defaultConfigurationIsVisible = 0;
			defaultConfigurationName = Release;
		};
		072028741D33722A007B54B7 /* Build configuration list for PBXNativeTarget "SLAlertViewDemo" */ = {
			isa = XCConfigurationList;
			buildConfigurations = (
				072028751D33722A007B54B7 /* Debug */,
				072028761D33722A007B54B7 /* Release */,
			);
			defaultConfigurationIsVisible = 0;
		};
		072028771D33722A007B54B7 /* Build configuration list for PBXNativeTarget "SLAlertViewDemoTests" */ = {
			isa = XCConfigurationList;
			buildConfigurations = (
				072028781D33722A007B54B7 /* Debug */,
				072028791D33722A007B54B7 /* Release */,
			);
			defaultConfigurationIsVisible = 0;
		};
		0720287A1D33722A007B54B7 /* Build configuration list for PBXNativeTarget "SLAlertViewDemoUITests" */ = {
			isa = XCConfigurationList;
			buildConfigurations = (
				0720287B1D33722A007B54B7 /* Debug */,
				0720287C1D33722A007B54B7 /* Release */,
			);
			defaultConfigurationIsVisible = 0;
		};
/* End XCConfigurationList section */
	};
	rootObject = 0720283F1D33722A007B54B7 /* Project object */;
}
